// !$*UTF8*$!
{
	archiveVersion = 1;
	classes = {
	};
	objectVersion = 56;
	objects = {

/* Begin PBXBuildFile section */
		7747EF142E1807A500221929 /* Quote Watch App.app in Embed Watch Content */ = {isa = PBXBuildFile; fileRef = 7747EF132E1807A500221929 /* Quote Watch App.app */; settings = {ATTRIBUTES = (RemoveHeadersOnCopy, ); }; };
		7747EF192E1807A500221929 /* QuoteApp.swift in Sources */ = {isa = PBXBuildFile; fileRef = 7747EF182E1807A500221929 /* QuoteApp.swift */; };
		7747EF1B2E1807A500221929 /* ContentView.swift in Sources */ = {isa = PBXBuildFile; fileRef = 7747EF1A2E1807A500221929 /* ContentView.swift */; };
		7747EF1D2E1807A600221929 /* Assets.xcassets in Resources */ = {isa = PBXBuildFile; fileRef = 7747EF1C2E1807A600221929 /* Assets.xcassets */; };
		7747EF202E1807A600221929 /* Preview Assets.xcassets in Resources */ = {isa = PBXBuildFile; fileRef = 7747EF1F2E1807A600221929 /* Preview Assets.xcassets */; };
		775447782E1A8E2100F8A578 /* SubmitQuoteView.swift in Sources */ = {isa = PBXBuildFile; fileRef = 775447732E1A8E2100F8A578 /* SubmitQuoteView.swift */; };
		775447792E1A8E2100F8A578 /* Tabs.swift in Sources */ = {isa = PBXBuildFile; fileRef = 775447742E1A8E2100F8A578 /* Tabs.swift */; };
		7754477A2E1A8E2100F8A578 /* Quotes.swift in Sources */ = {isa = PBXBuildFile; fileRef = 775447752E1A8E2100F8A578 /* Quotes.swift */; };
		7754477B2E1A8E2100F8A578 /* Favoriests.swift in Sources */ = {isa = PBXBuildFile; fileRef = 775447762E1A8E2100F8A578 /* Favoriests.swift */; };
		775447822E1A947800F8A578 /* MigaeSemibold-3zd2M.otf in Resources */ = {isa = PBXBuildFile; fileRef = 775447812E1A947800F8A578 /* MigaeSemibold-3zd2M.otf */; };
		775447832E1A947800F8A578 /* MigaeSemibold-3zd2M.otf in Resources */ = {isa = PBXBuildFile; fileRef = 775447812E1A947800F8A578 /* MigaeSemibold-3zd2M.otf */; };
/* End PBXBuildFile section */

/* Begin PBXContainerItemProxy section */
		7747EF152E1807A500221929 /* PBXContainerItemProxy */ = {
			isa = PBXContainerItemProxy;
			containerPortal = 7747EF072E1807A500221929 /* Project object */;
			proxyType = 1;
			remoteGlobalIDString = 7747EF122E1807A500221929;
			remoteInfo = "Quote Watch App";
		};
/* End PBXContainerItemProxy section */

/* Begin PBXCopyFilesBuildPhase section */
		7747EF262E1807A600221929 /* Embed Watch Content */ = {
			isa = PBXCopyFilesBuildPhase;
			buildActionMask = 2147483647;
			dstPath = "$(CONTENTS_FOLDER_PATH)/Watch";
			dstSubfolderSpec = 16;
			files = (
				7747EF142E1807A500221929 /* Quote Watch App.app in Embed Watch Content */,
			);
			name = "Embed Watch Content";
			runOnlyForDeploymentPostprocessing = 0;
		};
/* End PBXCopyFilesBuildPhase section */

/* Begin PBXFileReference section */
		7747EF0D2E1807A500221929 /* Quote.app */ = {isa = PBXFileReference; explicitFileType = wrapper.application; includeInIndex = 0; path = Quote.app; sourceTree = BUILT_PRODUCTS_DIR; };
		7747EF132E1807A500221929 /* Quote Watch App.app */ = {isa = PBXFileReference; explicitFileType = wrapper.application; includeInIndex = 0; path = "Quote Watch App.app"; sourceTree = BUILT_PRODUCTS_DIR; };
		7747EF182E1807A500221929 /* QuoteApp.swift */ = {isa = PBXFileReference; lastKnownFileType = sourcecode.swift; path = QuoteApp.swift; sourceTree = "<group>"; };
		7747EF1A2E1807A500221929 /* ContentView.swift */ = {isa = PBXFileReference; lastKnownFileType = sourcecode.swift; path = ContentView.swift; sourceTree = "<group>"; };
		7747EF1C2E1807A600221929 /* Assets.xcassets */ = {isa = PBXFileReference; lastKnownFileType = folder.assetcatalog; path = Assets.xcassets; sourceTree = "<group>"; };
		7747EF1F2E1807A600221929 /* Preview Assets.xcassets */ = {isa = PBXFileReference; lastKnownFileType = folder.assetcatalog; path = "Preview Assets.xcassets"; sourceTree = "<group>"; };
		775447732E1A8E2100F8A578 /* SubmitQuoteView.swift */ = {isa = PBXFileReference; fileEncoding = 4; lastKnownFileType = sourcecode.swift; path = SubmitQuoteView.swift; sourceTree = "<group>"; };
		775447742E1A8E2100F8A578 /* Tabs.swift */ = {isa = PBXFileReference; fileEncoding = 4; lastKnownFileType = sourcecode.swift; path = Tabs.swift; sourceTree = "<group>"; };
		775447752E1A8E2100F8A578 /* Quotes.swift */ = {isa = PBXFileReference; fileEncoding = 4; lastKnownFileType = sourcecode.swift; path = Quotes.swift; sourceTree = "<group>"; };
		775447762E1A8E2100F8A578 /* Favoriests.swift */ = {isa = PBXFileReference; fileEncoding = 4; lastKnownFileType = sourcecode.swift; path = Favoriests.swift; sourceTree = "<group>"; };
		7754477D2E1A90D800F8A578 /* Quote-Watch-App-Info.plist */ = {isa = PBXFileReference; lastKnownFileType = text.plist; path = "Quote-Watch-App-Info.plist"; sourceTree = SOURCE_ROOT; };
		775447812E1A947800F8A578 /* MigaeSemibold-3zd2M.otf */ = {isa = PBXFileReference; lastKnownFileType = file; path = "MigaeSemibold-3zd2M.otf"; sourceTree = "<group>"; };
/* End PBXFileReference section */

/* Begin PBXFrameworksBuildPhase section */
		7747EF102E1807A500221929 /* Frameworks */ = {
			isa = PBXFrameworksBuildPhase;
			buildActionMask = 2147483647;
			files = (
			);
			runOnlyForDeploymentPostprocessing = 0;
		};
/* End PBXFrameworksBuildPhase section */

/* Begin PBXGroup section */
		7747EF062E1807A500221929 = {
			isa = PBXGroup;
			children = (
				775447802E1A946A00F8A578 /* CustomFonts */,
				7747EF172E1807A500221929 /* Quote Watch App */,
				7747EF0E2E1807A500221929 /* Products */,
			);
			sourceTree = "<group>";
		};
		7747EF0E2E1807A500221929 /* Products */ = {
			isa = PBXGroup;
			children = (
				7747EF0D2E1807A500221929 /* Quote.app */,
				7747EF132E1807A500221929 /* Quote Watch App.app */,
			);
			name = Products;
			sourceTree = "<group>";
		};
		7747EF172E1807A500221929 /* Quote Watch App */ = {
			isa = PBXGroup;
			children = (
				7754477D2E1A90D800F8A578 /* Quote-Watch-App-Info.plist */,
				7747EF182E1807A500221929 /* QuoteApp.swift */,
				7747EF1A2E1807A500221929 /* ContentView.swift */,
				775447762E1A8E2100F8A578 /* Favoriests.swift */,
				775447752E1A8E2100F8A578 /* Quotes.swift */,
				775447732E1A8E2100F8A578 /* SubmitQuoteView.swift */,
				775447742E1A8E2100F8A578 /* Tabs.swift */,
				7747EF1C2E1807A600221929 /* Assets.xcassets */,
				7747EF1E2E1807A600221929 /* Preview Content */,
			);
			path = "Quote Watch App";
			sourceTree = "<group>";
		};
		7747EF1E2E1807A600221929 /* Preview Content */ = {
			isa = PBXGroup;
			children = (
				7747EF1F2E1807A600221929 /* Preview Assets.xcassets */,
			);
			path = "Preview Content";
			sourceTree = "<group>";
		};
		775447802E1A946A00F8A578 /* CustomFonts */ = {
			isa = PBXGroup;
			children = (
				775447812E1A947800F8A578 /* MigaeSemibold-3zd2M.otf */,
			);
			path = CustomFonts;
			sourceTree = "<group>";
		};
/* End PBXGroup section */

/* Begin PBXNativeTarget section */
		7747EF0C2E1807A500221929 /* Quote */ = {
			isa = PBXNativeTarget;
			buildConfigurationList = 7747EF272E1807A600221929 /* Build configuration list for PBXNativeTarget "Quote" */;
			buildPhases = (
				7747EF0B2E1807A500221929 /* Resources */,
				7747EF262E1807A600221929 /* Embed Watch Content */,
			);
			buildRules = (
			);
			dependencies = (
				7747EF162E1807A500221929 /* PBXTargetDependency */,
			);
			name = Quote;
			productName = Quote;
			productReference = 7747EF0D2E1807A500221929 /* Quote.app */;
			productType = "com.apple.product-type.application.watchapp2-container";
		};
		7747EF122E1807A500221929 /* Quote Watch App */ = {
			isa = PBXNativeTarget;
			buildConfigurationList = 7747EF232E1807A600221929 /* Build configuration list for PBXNativeTarget "Quote Watch App" */;
			buildPhases = (
				7747EF0F2E1807A500221929 /* Sources */,
				7747EF102E1807A500221929 /* Frameworks */,
				7747EF112E1807A500221929 /* Resources */,
			);
			buildRules = (
			);
			dependencies = (
			);
			name = "Quote Watch App";
			productName = "Quote Watch App";
			productReference = 7747EF132E1807A500221929 /* Quote Watch App.app */;
			productType = "com.apple.product-type.application";
		};
/* End PBXNativeTarget section */

/* Begin PBXProject section */
		7747EF072E1807A500221929 /* Project object */ = {
			isa = PBXProject;
			attributes = {
				BuildIndependentTargetsInParallel = 1;
				LastSwiftUpdateCheck = 1540;
				LastUpgradeCheck = 1540;
				TargetAttributes = {
					7747EF0C2E1807A500221929 = {
						CreatedOnToolsVersion = 15.4;
					};
					7747EF122E1807A500221929 = {
						CreatedOnToolsVersion = 15.4;
					};
				};
			};
			buildConfigurationList = 7747EF0A2E1807A500221929 /* Build configuration list for PBXProject "Quote" */;
			compatibilityVersion = "Xcode 14.0";
			developmentRegion = en;
			hasScannedForEncodings = 0;
			knownRegions = (
				en,
				Base,
			);
			mainGroup = 7747EF062E1807A500221929;
			productRefGroup = 7747EF0E2E1807A500221929 /* Products */;
			projectDirPath = "";
			projectRoot = "";
			targets = (
				7747EF0C2E1807A500221929 /* Quote */,
				7747EF122E1807A500221929 /* Quote Watch App */,
			);
		};
/* End PBXProject section */

/* Begin PBXResourcesBuildPhase section */
		7747EF0B2E1807A500221929 /* Resources */ = {
			isa = PBXResourcesBuildPhase;
			buildActionMask = 2147483647;
			files = (
				775447822E1A947800F8A578 /* MigaeSemibold-3zd2M.otf in Resources */,
			);
			runOnlyForDeploymentPostprocessing = 0;
		};
		7747EF112E1807A500221929 /* Resources */ = {
			isa = PBXResourcesBuildPhase;
			buildActionMask = 2147483647;
			files = (
				7747EF202E1807A600221929 /* Preview Assets.xcassets in Resources */,
				775447832E1A947800F8A578 /* MigaeSemibold-3zd2M.otf in Resources */,
				7747EF1D2E1807A600221929 /* Assets.xcassets in Resources */,
			);
			runOnlyForDeploymentPostprocessing = 0;
		};
/* End PBXResourcesBuildPhase section */

/* Begin PBXSourcesBuildPhase section */
		7747EF0F2E1807A500221929 /* Sources */ = {
			isa = PBXSourcesBuildPhase;
			buildActionMask = 2147483647;
			files = (
				7747EF1B2E1807A500221929 /* ContentView.swift in Sources */,
				7754477B2E1A8E2100F8A578 /* Favoriests.swift in Sources */,
				775447782E1A8E2100F8A578 /* SubmitQuoteView.swift in Sources */,
				7754477A2E1A8E2100F8A578 /* Quotes.swift in Sources */,
				7747EF192E1807A500221929 /* QuoteApp.swift in Sources */,
				775447792E1A8E2100F8A578 /* Tabs.swift in Sources */,
			);
			runOnlyForDeploymentPostprocessing = 0;
		};
/* End PBXSourcesBuildPhase section */

/* Begin PBXTargetDependency section */
		7747EF162E1807A500221929 /* PBXTargetDependency */ = {
			isa = PBXTargetDependency;
			target = 7747EF122E1807A500221929 /* Quote Watch App */;
			targetProxy = 7747EF152E1807A500221929 /* PBXContainerItemProxy */;
		};
/* End PBXTargetDependency section */

/* Begin XCBuildConfiguration section */
		7747EF212E1807A600221929 /* Debug */ = {
			isa = XCBuildConfiguration;
			buildSettings = {
				ALWAYS_SEARCH_USER_PATHS = NO;
				ASSETCATALOG_COMPILER_GENERATE_SWIFT_ASSET_SYMBOL_EXTENSIONS = YES;
				CLANG_ANALYZER_NONNULL = YES;
				CLANG_ANALYZER_NUMBER_OBJECT_CONVERSION = YES_AGGRESSIVE;
				CLANG_CXX_LANGUAGE_STANDARD = "gnu++20";
				CLANG_ENABLE_MODULES = YES;
				CLANG_ENABLE_OBJC_ARC = YES;
				CLANG_ENABLE_OBJC_WEAK = YES;
				CLANG_WARN_BLOCK_CAPTURE_AUTORELEASING = YES;
				CLANG_WARN_BOOL_CONVERSION = YES;
				CLANG_WARN_COMMA = YES;
				CLANG_WARN_CONSTANT_CONVERSION = YES;
				CLANG_WARN_DEPRECATED_OBJC_IMPLEMENTATIONS = YES;
				CLANG_WARN_DIRECT_OBJC_ISA_USAGE = YES_ERROR;
				CLANG_WARN_DOCUMENTATION_COMMENTS = YES;
				CLANG_WARN_EMPTY_BODY = YES;
				CLANG_WARN_ENUM_CONVERSION = YES;
				CLANG_WARN_INFINITE_RECURSION = YES;
				CLANG_WARN_INT_CONVERSION = YES;
				CLANG_WARN_NON_LITERAL_NULL_CONVERSION = YES;
				CLANG_WARN_OBJC_IMPLICIT_RETAIN_SELF = YES;
				CLANG_WARN_OBJC_LITERAL_CONVERSION = YES;
				CLANG_WARN_OBJC_ROOT_CLASS = YES_ERROR;
				CLANG_WARN_QUOTED_INCLUDE_IN_FRAMEWORK_HEADER = YES;
				CLANG_WARN_RANGE_LOOP_ANALYSIS = YES;
				CLANG_WARN_STRICT_PROTOTYPES = YES;
				CLANG_WARN_SUSPICIOUS_MOVE = YES;
				CLANG_WARN_UNGUARDED_AVAILABILITY = YES_AGGRESSIVE;
				CLANG_WARN_UNREACHABLE_CODE = YES;
				CLANG_WARN__DUPLICATE_METHOD_MATCH = YES;
				COPY_PHASE_STRIP = NO;
				DEBUG_INFORMATION_FORMAT = dwarf;
				ENABLE_STRICT_OBJC_MSGSEND = YES;
				ENABLE_TESTABILITY = YES;
				ENABLE_USER_SCRIPT_SANDBOXING = YES;
				GCC_C_LANGUAGE_STANDARD = gnu17;
				GCC_DYNAMIC_NO_PIC = NO;
				GCC_NO_COMMON_BLOCKS = YES;
				GCC_OPTIMIZATION_LEVEL = 0;
				GCC_PREPROCESSOR_DEFINITIONS = (
					"DEBUG=1",
					"$(inherited)",
				);
				GCC_WARN_64_TO_32_BIT_CONVERSION = YES;
				GCC_WARN_ABOUT_RETURN_TYPE = YES_ERROR;
				GCC_WARN_UNDECLARED_SELECTOR = YES;
				GCC_WARN_UNINITIALIZED_AUTOS = YES_AGGRESSIVE;
				GCC_WARN_UNUSED_FUNCTION = YES;
				GCC_WARN_UNUSED_VARIABLE = YES;
				LOCALIZATION_PREFERS_STRING_CATALOGS = YES;
				MTL_ENABLE_DEBUG_INFO = INCLUDE_SOURCE;
				MTL_FAST_MATH = YES;
				ONLY_ACTIVE_ARCH = YES;
				SWIFT_ACTIVE_COMPILATION_CONDITIONS = "DEBUG $(inherited)";
				SWIFT_OPTIMIZATION_LEVEL = "-Onone";
			};
			name = Debug;
		};
		7747EF222E1807A600221929 /* Release */ = {
			isa = XCBuildConfiguration;
			buildSettings = {
				ALWAYS_SEARCH_USER_PATHS = NO;
				ASSETCATALOG_COMPILER_GENERATE_SWIFT_ASSET_SYMBOL_EXTENSIONS = YES;
				CLANG_ANALYZER_NONNULL = YES;
				CLANG_ANALYZER_NUMBER_OBJECT_CONVERSION = YES_AGGRESSIVE;
				CLANG_CXX_LANGUAGE_STANDARD = "gnu++20";
				CLANG_ENABLE_MODULES = YES;
				CLANG_ENABLE_OBJC_ARC = YES;
				CLANG_ENABLE_OBJC_WEAK = YES;
				CLANG_WARN_BLOCK_CAPTURE_AUTORELEASING = YES;
				CLANG_WARN_BOOL_CONVERSION = YES;
				CLANG_WARN_COMMA = YES;
				CLANG_WARN_CONSTANT_CONVERSION = YES;
				CLANG_WARN_DEPRECATED_OBJC_IMPLEMENTATIONS = YES;
				CLANG_WARN_DIRECT_OBJC_ISA_USAGE = YES_ERROR;
				CLANG_WARN_DOCUMENTATION_COMMENTS = YES;
				CLANG_WARN_EMPTY_BODY = YES;
				CLANG_WARN_ENUM_CONVERSION = YES;
				CLANG_WARN_INFINITE_RECURSION = YES;
				CLANG_WARN_INT_CONVERSION = YES;
				CLANG_WARN_NON_LITERAL_NULL_CONVERSION = YES;
				CLANG_WARN_OBJC_IMPLICIT_RETAIN_SELF = YES;
				CLANG_WARN_OBJC_LITERAL_CONVERSION = YES;
				CLANG_WARN_OBJC_ROOT_CLASS = YES_ERROR;
				CLANG_WARN_QUOTED_INCLUDE_IN_FRAMEWORK_HEADER = YES;
				CLANG_WARN_RANGE_LOOP_ANALYSIS = YES;
				CLANG_WARN_STRICT_PROTOTYPES = YES;
				CLANG_WARN_SUSPICIOUS_MOVE = YES;
				CLANG_WARN_UNGUARDED_AVAILABILITY = YES_AGGRESSIVE;
				CLANG_WARN_UNREACHABLE_CODE = YES;
				CLANG_WARN__DUPLICATE_METHOD_MATCH = YES;
				COPY_PHASE_STRIP = NO;
				DEBUG_INFORMATION_FORMAT = "dwarf-with-dsym";
				ENABLE_NS_ASSERTIONS = NO;
				ENABLE_STRICT_OBJC_MSGSEND = YES;
				ENABLE_USER_SCRIPT_SANDBOXING = YES;
				GCC_C_LANGUAGE_STANDARD = gnu17;
				GCC_NO_COMMON_BLOCKS = YES;
				GCC_WARN_64_TO_32_BIT_CONVERSION = YES;
				GCC_WARN_ABOUT_RETURN_TYPE = YES_ERROR;
				GCC_WARN_UNDECLARED_SELECTOR = YES;
				GCC_WARN_UNINITIALIZED_AUTOS = YES_AGGRESSIVE;
				GCC_WARN_UNUSED_FUNCTION = YES;
				GCC_WARN_UNUSED_VARIABLE = YES;
				LOCALIZATION_PREFERS_STRING_CATALOGS = YES;
				MTL_ENABLE_DEBUG_INFO = NO;
				MTL_FAST_MATH = YES;
				SWIFT_COMPILATION_MODE = wholemodule;
			};
			name = Release;
		};
		7747EF242E1807A600221929 /* Debug */ = {
			isa = XCBuildConfiguration;
			buildSettings = {
				ASSETCATALOG_COMPILER_APPICON_NAME = AppIcon;
				ASSETCATALOG_COMPILER_GLOBAL_ACCENT_COLOR_NAME = AccentColor;
				CODE_SIGN_STYLE = Automatic;
				CURRENT_PROJECT_VERSION = 1;
				DEVELOPMENT_ASSET_PATHS = "\"Quote Watch App/Preview Content\"";
				DEVELOPMENT_TEAM = Z9697UVR8J;
				ENABLE_PREVIEWS = YES;
				GENERATE_INFOPLIST_FILE = YES;
				INFOPLIST_FILE = "Quote-Watch-App-Info.plist";
				INFOPLIST_KEY_CFBundleDisplayName = Quote;
				INFOPLIST_KEY_LSApplicationCategoryType = "";
				INFOPLIST_KEY_UISupportedInterfaceOrientations = "UIInterfaceOrientationPortrait UIInterfaceOrientationPortraitUpsideDown";
				INFOPLIST_KEY_WKWatchOnly = YES;
				LD_RUNPATH_SEARCH_PATHS = (
					"$(inherited)",
					"@executable_path/Frameworks",
				);
				MARKETING_VERSION = 1.0;
				PRODUCT_BUNDLE_IDENTIFIER = itkhld.dev.Quote.watchkitapp;
				PRODUCT_NAME = "$(TARGET_NAME)";
				SDKROOT = watchos;
				SKIP_INSTALL = YES;
				SWIFT_EMIT_LOC_STRINGS = YES;
				SWIFT_VERSION = 5.0;
				TARGETED_DEVICE_FAMILY = 4;
				WATCHOS_DEPLOYMENT_TARGET = 10.5;
			};
			name = Debug;
		};
		7747EF252E1807A600221929 /* Release */ = {
			isa = XCBuildConfiguration;
			buildSettings = {
				ASSETCATALOG_COMPILER_APPICON_NAME = AppIcon;
				ASSETCATALOG_COMPILER_GLOBAL_ACCENT_COLOR_NAME = AccentColor;
				CODE_SIGN_STYLE = Automatic;
				CURRENT_PROJECT_VERSION = 1;
				DEVELOPMENT_ASSET_PATHS = "\"Quote Watch App/Preview Content\"";
				DEVELOPMENT_TEAM = Z9697UVR8J;
				ENABLE_PREVIEWS = YES;
				GENERATE_INFOPLIST_FILE = YES;
				INFOPLIST_FILE = "Quote-Watch-App-Info.plist";
				INFOPLIST_KEY_CFBundleDisplayName = Quote;
				INFOPLIST_KEY_LSApplicationCategoryType = "";
				INFOPLIST_KEY_UISupportedInterfaceOrientations = "UIInterfaceOrientationPortrait UIInterfaceOrientationPortraitUpsideDown";
				INFOPLIST_KEY_WKWatchOnly = YES;
				LD_RUNPATH_SEARCH_PATHS = (
					"$(inherited)",
					"@executable_path/Frameworks",
				);
				MARKETING_VERSION = 1.0;
				PRODUCT_BUNDLE_IDENTIFIER = itkhld.dev.Quote.watchkitapp;
				PRODUCT_NAME = "$(TARGET_NAME)";
				SDKROOT = watchos;
				SKIP_INSTALL = YES;
				SWIFT_EMIT_LOC_STRINGS = YES;
				SWIFT_VERSION = 5.0;
				TARGETED_DEVICE_FAMILY = 4;
				VALIDATE_PRODUCT = YES;
				WATCHOS_DEPLOYMENT_TARGET = 10.5;
			};
			name = Release;
		};
		7747EF282E1807A600221929 /* Debug */ = {
			isa = XCBuildConfiguration;
			buildSettings = {
				ALWAYS_EMBED_SWIFT_STANDARD_LIBRARIES = YES;
				CODE_SIGN_STYLE = Automatic;
				CURRENT_PROJECT_VERSION = 1;
				DEVELOPMENT_TEAM = Z9697UVR8J;
				INFOPLIST_KEY_CFBundleDisplayName = Quote;
				MARKETING_VERSION = 1.0;
				PRODUCT_BUNDLE_IDENTIFIER = itkhld.dev.Quote;
				PRODUCT_NAME = "$(TARGET_NAME)";
				SDKROOT = iphoneos;
				SWIFT_VERSION = 5.0;
			};
			name = Debug;
		};
		7747EF292E1807A600221929 /* Release */ = {
			isa = XCBuildConfiguration;
			buildSettings = {
				ALWAYS_EMBED_SWIFT_STANDARD_LIBRARIES = YES;
				CODE_SIGN_STYLE = Automatic;
				CURRENT_PROJECT_VERSION = 1;
				DEVELOPMENT_TEAM = Z9697UVR8J;
				INFOPLIST_KEY_CFBundleDisplayName = Quote;
				MARKETING_VERSION = 1.0;
				PRODUCT_BUNDLE_IDENTIFIER = itkhld.dev.Quote;
				PRODUCT_NAME = "$(TARGET_NAME)";
				SDKROOT = iphoneos;
				SWIFT_VERSION = 5.0;
				VALIDATE_PRODUCT = YES;
			};
			name = Release;
		};
/* End XCBuildConfiguration section */

/* Begin XCConfigurationList section */
		7747EF0A2E1807A500221929 /* Build configuration list for PBXProject "Quote" */ = {
			isa = XCConfigurationList;
			buildConfigurations = (
				7747EF212E1807A600221929 /* Debug */,
				7747EF222E1807A600221929 /* Release */,
			);
			defaultConfigurationIsVisible = 0;
			defaultConfigurationName = Release;
		};
		7747EF232E1807A600221929 /* Build configuration list for PBXNativeTarget "Quote Watch App" */ = {
			isa = XCConfigurationList;
			buildConfigurations = (
				7747EF242E1807A600221929 /* Debug */,
				7747EF252E1807A600221929 /* Release */,
			);
			defaultConfigurationIsVisible = 0;
			defaultConfigurationName = Release;
		};
		7747EF272E1807A600221929 /* Build configuration list for PBXNativeTarget "Quote" */ = {
			isa = XCConfigurationList;
			buildConfigurations = (
				7747EF282E1807A600221929 /* Debug */,
				7747EF292E1807A600221929 /* Release */,
			);
			defaultConfigurationIsVisible = 0;
			defaultConfigurationName = Release;
		};
/* End XCConfigurationList section */
	};
	rootObject = 7747EF072E1807A500221929 /* Project object */;
}
